// !$*UTF8*$!
{
	archiveVersion = 1;
	classes = {
	};
	objectVersion = 55;
	objects = {

/* Begin PBXBuildFile section */
		0EBDD74E2851E2950081C832 /* SettingNicknameView.swift in Sources */ = {isa = PBXBuildFile; fileRef = 0EBDD74D2851E2950081C832 /* SettingNicknameView.swift */; };
		0EBDD7502851E2AF0081C832 /* PageControlView.swift in Sources */ = {isa = PBXBuildFile; fileRef = 0EBDD74F2851E2AF0081C832 /* PageControlView.swift */; };
		164A4A732854C43800CA8B0A /* MathUtilities.swift in Sources */ = {isa = PBXBuildFile; fileRef = 164A4A722854C43800CA8B0A /* MathUtilities.swift */; };
		164A4A752854C47400CA8B0A /* NISessionManager.swift in Sources */ = {isa = PBXBuildFile; fileRef = 164A4A742854C47400CA8B0A /* NISessionManager.swift */; };
		164A4A782854C4DC00CA8B0A /* MPCSession.swift in Sources */ = {isa = PBXBuildFile; fileRef = 164A4A772854C4DC00CA8B0A /* MPCSession.swift */; };
		16514B71284F313B007A1BB5 /* NearCatchApp.swift in Sources */ = {isa = PBXBuildFile; fileRef = 16514B70284F313B007A1BB5 /* NearCatchApp.swift */; };
		16514B73284F313B007A1BB5 /* ContentView.swift in Sources */ = {isa = PBXBuildFile; fileRef = 16514B72284F313B007A1BB5 /* ContentView.swift */; };
		16514B75284F313D007A1BB5 /* Assets.xcassets in Resources */ = {isa = PBXBuildFile; fileRef = 16514B74284F313D007A1BB5 /* Assets.xcassets */; };
		16514B78284F313D007A1BB5 /* Preview Assets.xcassets in Resources */ = {isa = PBXBuildFile; fileRef = 16514B77284F313D007A1BB5 /* Preview Assets.xcassets */; };
		16514B7D284F313D007A1BB5 /* NearCatch.xcdatamodeld in Sources */ = {isa = PBXBuildFile; fileRef = 16514B7B284F313D007A1BB5 /* NearCatch.xcdatamodeld */; };
		1674F88A2851D016006BC61A /* TestModel.swift in Sources */ = {isa = PBXBuildFile; fileRef = 1674F8892851D016006BC61A /* TestModel.swift */; };
		16AEB31C2851C3820034CC0F /* HomeView.swift in Sources */ = {isa = PBXBuildFile; fileRef = 16AEB31B2851C3820034CC0F /* HomeView.swift */; };
		21352D502855907A00429DC0 /* HapticManager.swift in Sources */ = {isa = PBXBuildFile; fileRef = 21352D4F2855907A00429DC0 /* HapticManager.swift */; };
		21352D522855C89700429DC0 /* NearCatchHeartbeat.ahap in Resources */ = {isa = PBXBuildFile; fileRef = 21352D512855C89700429DC0 /* NearCatchHeartbeat.ahap */; };
		21352D542855CAA800429DC0 /* HapticTestView.swift in Sources */ = {isa = PBXBuildFile; fileRef = 21352D532855CAA800429DC0 /* HapticTestView.swift */; };
		219F895E2854DE93003AF02A /* PermissionCheckView.swift in Sources */ = {isa = PBXBuildFile; fileRef = 219F895D2854DE93003AF02A /* PermissionCheckView.swift */; };
		219F89602854E036003AF02A /* SearchView.swift in Sources */ = {isa = PBXBuildFile; fileRef = 219F895F2854E036003AF02A /* SearchView.swift */; };
		21F1AD2B285336360016185A /* HomeMainButton.swift in Sources */ = {isa = PBXBuildFile; fileRef = 21F1AD2A285336360016185A /* HomeMainButton.swift */; };
		21F1AD2D285336470016185A /* CircleButton.swift in Sources */ = {isa = PBXBuildFile; fileRef = 21F1AD2C285336470016185A /* CircleButton.swift */; };
		21F1AD2F285336580016185A /* Tip.swift in Sources */ = {isa = PBXBuildFile; fileRef = 21F1AD2E285336580016185A /* Tip.swift */; };
		21F1AD31285336640016185A /* NearCat.swift in Sources */ = {isa = PBXBuildFile; fileRef = 21F1AD30285336640016185A /* NearCat.swift */; };
		21F1AD33285336720016185A /* Bubble.swift in Sources */ = {isa = PBXBuildFile; fileRef = 21F1AD32285336720016185A /* Bubble.swift */; };
		21F1AD35285336810016185A /* CustomSheet.swift in Sources */ = {isa = PBXBuildFile; fileRef = 21F1AD34285336810016185A /* CustomSheet.swift */; };
		21F1AD372853368B0016185A /* ProfilePicture.swift in Sources */ = {isa = PBXBuildFile; fileRef = 21F1AD362853368B0016185A /* ProfilePicture.swift */; };
		21F1AD39285336940016185A /* Extension.swift in Sources */ = {isa = PBXBuildFile; fileRef = 21F1AD38285336940016185A /* Extension.swift */; };
		6F02F89928571FF40016DF26 /* SetView.swift in Sources */ = {isa = PBXBuildFile; fileRef = 6F02F89828571FF40016DF26 /* SetView.swift */; };
		6F5711772851D7FF00B094C2 /* ProfileView.swift in Sources */ = {isa = PBXBuildFile; fileRef = 6F5711762851D7FF00B094C2 /* ProfileView.swift */; };
		6F7303C22851EA8A00CC8115 /* SharedCustomButton.swift in Sources */ = {isa = PBXBuildFile; fileRef = 6F7303C12851EA8A00CC8115 /* SharedCustomButton.swift */; };
		6F8E26A12857172300B6C568 /* SharedRectangularButton.swift in Sources */ = {isa = PBXBuildFile; fileRef = 6F8E26A02857172300B6C568 /* SharedRectangularButton.swift */; };
		6F9649702856222C00A54645 /* ProfileInterestCard.swift in Sources */ = {isa = PBXBuildFile; fileRef = 6F96496F2856222C00A54645 /* ProfileInterestCard.swift */; };
		6FE9AC0E2856FE1C00336D8C /* EditProfileView.swift in Sources */ = {isa = PBXBuildFile; fileRef = 6FE9AC0D2856FE1C00336D8C /* EditProfileView.swift */; };
		7072D6E0285337E8008594E5 /* Colors.xcassets in Resources */ = {isa = PBXBuildFile; fileRef = 7072D6DF285337E8008594E5 /* Colors.xcassets */; };
		7072D6E228533929008594E5 /* Colors.swift in Sources */ = {isa = PBXBuildFile; fileRef = 7072D6E128533929008594E5 /* Colors.swift */; };
		7072D6E728533F4D008594E5 /* 온글잎 의연체.ttf in Resources */ = {isa = PBXBuildFile; fileRef = 7072D6E628533F4D008594E5 /* 온글잎 의연체.ttf */; };
		7072D6EB28549A71008594E5 /* Lottie in Frameworks */ = {isa = PBXBuildFile; productRef = 7072D6EA28549A71008594E5 /* Lottie */; };
		7072D6ED28549B28008594E5 /* LottieView.swift in Sources */ = {isa = PBXBuildFile; fileRef = 7072D6EC28549B28008594E5 /* LottieView.swift */; };
		70A028282857148A0099A619 /* Heart.json in Resources */ = {isa = PBXBuildFile; fileRef = 70A028272857148A0099A619 /* Heart.json */; };
		70A0282A2857245B0099A619 /* NearCatStanding.json in Resources */ = {isa = PBXBuildFile; fileRef = 70A028292857245B0099A619 /* NearCatStanding.json */; };
		70A02830285726360099A619 /* Star.json in Resources */ = {isa = PBXBuildFile; fileRef = 70A0282F285726360099A619 /* Star.json */; };
		70A02832285726BF0099A619 /* Background.json in Resources */ = {isa = PBXBuildFile; fileRef = 70A02831285726BF0099A619 /* Background.json */; };
		71C96D302855CD5100ED9A9F /* CoreDataManager.swift in Sources */ = {isa = PBXBuildFile; fileRef = 71C96D2F2855CD5100ED9A9F /* CoreDataManager.swift */; };
/* End PBXBuildFile section */

/* Begin PBXFileReference section */
		0EBDD74D2851E2950081C832 /* SettingNicknameView.swift */ = {isa = PBXFileReference; lastKnownFileType = sourcecode.swift; path = SettingNicknameView.swift; sourceTree = "<group>"; };
		0EBDD74F2851E2AF0081C832 /* PageControlView.swift */ = {isa = PBXFileReference; lastKnownFileType = sourcecode.swift; path = PageControlView.swift; sourceTree = "<group>"; };
		164A4A722854C43800CA8B0A /* MathUtilities.swift */ = {isa = PBXFileReference; lastKnownFileType = sourcecode.swift; path = MathUtilities.swift; sourceTree = "<group>"; };
		164A4A742854C47400CA8B0A /* NISessionManager.swift */ = {isa = PBXFileReference; lastKnownFileType = sourcecode.swift; path = NISessionManager.swift; sourceTree = "<group>"; };
		164A4A772854C4DC00CA8B0A /* MPCSession.swift */ = {isa = PBXFileReference; lastKnownFileType = sourcecode.swift; path = MPCSession.swift; sourceTree = "<group>"; };
		16514B6D284F313B007A1BB5 /* NearCatch.app */ = {isa = PBXFileReference; explicitFileType = wrapper.application; includeInIndex = 0; path = NearCatch.app; sourceTree = BUILT_PRODUCTS_DIR; };
		16514B70284F313B007A1BB5 /* NearCatchApp.swift */ = {isa = PBXFileReference; lastKnownFileType = sourcecode.swift; path = NearCatchApp.swift; sourceTree = "<group>"; };
		16514B72284F313B007A1BB5 /* ContentView.swift */ = {isa = PBXFileReference; lastKnownFileType = sourcecode.swift; path = ContentView.swift; sourceTree = "<group>"; };
		16514B74284F313D007A1BB5 /* Assets.xcassets */ = {isa = PBXFileReference; lastKnownFileType = folder.assetcatalog; path = Assets.xcassets; sourceTree = "<group>"; };
		16514B77284F313D007A1BB5 /* Preview Assets.xcassets */ = {isa = PBXFileReference; lastKnownFileType = folder.assetcatalog; path = "Preview Assets.xcassets"; sourceTree = "<group>"; };
		16514B7C284F313D007A1BB5 /* NearCatch.xcdatamodel */ = {isa = PBXFileReference; lastKnownFileType = wrapper.xcdatamodel; path = NearCatch.xcdatamodel; sourceTree = "<group>"; };
		1674F8892851D016006BC61A /* TestModel.swift */ = {isa = PBXFileReference; lastKnownFileType = sourcecode.swift; path = TestModel.swift; sourceTree = "<group>"; };
		16AEB31B2851C3820034CC0F /* HomeView.swift */ = {isa = PBXFileReference; lastKnownFileType = sourcecode.swift; path = HomeView.swift; sourceTree = "<group>"; };
		21352D4F2855907A00429DC0 /* HapticManager.swift */ = {isa = PBXFileReference; lastKnownFileType = sourcecode.swift; path = HapticManager.swift; sourceTree = "<group>"; };
		21352D512855C89700429DC0 /* NearCatchHeartbeat.ahap */ = {isa = PBXFileReference; fileEncoding = 4; lastKnownFileType = text; path = NearCatchHeartbeat.ahap; sourceTree = "<group>"; };
		21352D532855CAA800429DC0 /* HapticTestView.swift */ = {isa = PBXFileReference; lastKnownFileType = sourcecode.swift; path = HapticTestView.swift; sourceTree = "<group>"; };
		219F895D2854DE93003AF02A /* PermissionCheckView.swift */ = {isa = PBXFileReference; lastKnownFileType = sourcecode.swift; path = PermissionCheckView.swift; sourceTree = "<group>"; };
		219F895F2854E036003AF02A /* SearchView.swift */ = {isa = PBXFileReference; lastKnownFileType = sourcecode.swift; path = SearchView.swift; sourceTree = "<group>"; };
		21F1AD2A285336360016185A /* HomeMainButton.swift */ = {isa = PBXFileReference; lastKnownFileType = sourcecode.swift; path = HomeMainButton.swift; sourceTree = "<group>"; };
		21F1AD2C285336470016185A /* CircleButton.swift */ = {isa = PBXFileReference; lastKnownFileType = sourcecode.swift; path = CircleButton.swift; sourceTree = "<group>"; };
		21F1AD2E285336580016185A /* Tip.swift */ = {isa = PBXFileReference; lastKnownFileType = sourcecode.swift; path = Tip.swift; sourceTree = "<group>"; };
		21F1AD30285336640016185A /* NearCat.swift */ = {isa = PBXFileReference; lastKnownFileType = sourcecode.swift; path = NearCat.swift; sourceTree = "<group>"; };
		21F1AD32285336720016185A /* Bubble.swift */ = {isa = PBXFileReference; lastKnownFileType = sourcecode.swift; path = Bubble.swift; sourceTree = "<group>"; };
		21F1AD34285336810016185A /* CustomSheet.swift */ = {isa = PBXFileReference; lastKnownFileType = sourcecode.swift; path = CustomSheet.swift; sourceTree = "<group>"; };
		21F1AD362853368B0016185A /* ProfilePicture.swift */ = {isa = PBXFileReference; lastKnownFileType = sourcecode.swift; path = ProfilePicture.swift; sourceTree = "<group>"; };
		21F1AD38285336940016185A /* Extension.swift */ = {isa = PBXFileReference; lastKnownFileType = sourcecode.swift; path = Extension.swift; sourceTree = "<group>"; };
		6F02F89828571FF40016DF26 /* SetView.swift */ = {isa = PBXFileReference; lastKnownFileType = sourcecode.swift; path = SetView.swift; sourceTree = "<group>"; };
		6F5711762851D7FF00B094C2 /* ProfileView.swift */ = {isa = PBXFileReference; lastKnownFileType = sourcecode.swift; path = ProfileView.swift; sourceTree = "<group>"; };
		6F7303C12851EA8A00CC8115 /* SharedCustomButton.swift */ = {isa = PBXFileReference; lastKnownFileType = sourcecode.swift; path = SharedCustomButton.swift; sourceTree = "<group>"; };
		6F8E26A02857172300B6C568 /* SharedRectangularButton.swift */ = {isa = PBXFileReference; lastKnownFileType = sourcecode.swift; path = SharedRectangularButton.swift; sourceTree = "<group>"; };
		6F96496F2856222C00A54645 /* ProfileInterestCard.swift */ = {isa = PBXFileReference; lastKnownFileType = sourcecode.swift; path = ProfileInterestCard.swift; sourceTree = "<group>"; };
		6FE9AC0D2856FE1C00336D8C /* EditProfileView.swift */ = {isa = PBXFileReference; lastKnownFileType = sourcecode.swift; path = EditProfileView.swift; sourceTree = "<group>"; };
		7072D6DF285337E8008594E5 /* Colors.xcassets */ = {isa = PBXFileReference; lastKnownFileType = folder.assetcatalog; path = Colors.xcassets; sourceTree = "<group>"; };
		7072D6E128533929008594E5 /* Colors.swift */ = {isa = PBXFileReference; lastKnownFileType = sourcecode.swift; path = Colors.swift; sourceTree = "<group>"; };
		7072D6E628533F4D008594E5 /* 온글잎 의연체.ttf */ = {isa = PBXFileReference; lastKnownFileType = file; path = "온글잎 의연체.ttf"; sourceTree = "<group>"; };
		7072D6E8285341F1008594E5 /* Info.plist */ = {isa = PBXFileReference; lastKnownFileType = text.plist; path = Info.plist; sourceTree = "<group>"; };
		7072D6EC28549B28008594E5 /* LottieView.swift */ = {isa = PBXFileReference; lastKnownFileType = sourcecode.swift; path = LottieView.swift; sourceTree = "<group>"; };
		70A028272857148A0099A619 /* Heart.json */ = {isa = PBXFileReference; fileEncoding = 4; lastKnownFileType = text.json; path = Heart.json; sourceTree = "<group>"; };
		70A028292857245B0099A619 /* NearCatStanding.json */ = {isa = PBXFileReference; fileEncoding = 4; lastKnownFileType = text.json; path = NearCatStanding.json; sourceTree = "<group>"; };
		70A0282F285726360099A619 /* Star.json */ = {isa = PBXFileReference; fileEncoding = 4; lastKnownFileType = text.json; path = Star.json; sourceTree = "<group>"; };
		70A02831285726BF0099A619 /* Background.json */ = {isa = PBXFileReference; fileEncoding = 4; lastKnownFileType = text.json; name = Background.json; path = LottieJson/Background.json; sourceTree = SOURCE_ROOT; };
		71C96D2F2855CD5100ED9A9F /* CoreDataManager.swift */ = {isa = PBXFileReference; lastKnownFileType = sourcecode.swift; path = CoreDataManager.swift; sourceTree = "<group>"; };
/* End PBXFileReference section */

/* Begin PBXFrameworksBuildPhase section */
		16514B6A284F313B007A1BB5 /* Frameworks */ = {
			isa = PBXFrameworksBuildPhase;
			buildActionMask = 2147483647;
			files = (
				7072D6EB28549A71008594E5 /* Lottie in Frameworks */,
			);
			runOnlyForDeploymentPostprocessing = 0;
		};
/* End PBXFrameworksBuildPhase section */

/* Begin PBXGroup section */
		0EBDD74A2851DECB0081C832 /* Tutorial */ = {
			isa = PBXGroup;
			children = (
				0EBDD74D2851E2950081C832 /* SettingNicknameView.swift */,
				0EBDD74F2851E2AF0081C832 /* PageControlView.swift */,
			);
			path = Tutorial;
			sourceTree = "<group>";
		};
		164A4A712854C3A000CA8B0A /* NIUtils */ = {
			isa = PBXGroup;
			children = (
				164A4A722854C43800CA8B0A /* MathUtilities.swift */,
				164A4A742854C47400CA8B0A /* NISessionManager.swift */,
				164A4A762854C4C200CA8B0A /* MultipeerConnectivitySupport */,
			);
			path = NIUtils;
			sourceTree = "<group>";
		};
		164A4A762854C4C200CA8B0A /* MultipeerConnectivitySupport */ = {
			isa = PBXGroup;
			children = (
				164A4A772854C4DC00CA8B0A /* MPCSession.swift */,
			);
			path = MultipeerConnectivitySupport;
			sourceTree = "<group>";
		};
		16514B64284F313B007A1BB5 = {
			isa = PBXGroup;
			children = (
				71C96D2F2855CD5100ED9A9F /* CoreDataManager.swift */,
				16514B6F284F313B007A1BB5 /* NearCatch */,
				16514B6E284F313B007A1BB5 /* Products */,
			);
			sourceTree = "<group>";
		};
		16514B6E284F313B007A1BB5 /* Products */ = {
			isa = PBXGroup;
			children = (
				16514B6D284F313B007A1BB5 /* NearCatch.app */,
			);
			name = Products;
			sourceTree = "<group>";
		};
		16514B6F284F313B007A1BB5 /* NearCatch */ = {
			isa = PBXGroup;
			children = (
				7072D6E8285341F1008594E5 /* Info.plist */,
				16514B70284F313B007A1BB5 /* NearCatchApp.swift */,
				16AEB3152851C0120034CC0F /* Views */,
				16AEB3162851C01D0034CC0F /* Models */,
				16AEB31A2851C0A60034CC0F /* Utils */,
				16AEB3172851C03C0034CC0F /* Resources */,
				16514B7B284F313D007A1BB5 /* NearCatch.xcdatamodeld */,
				16514B76284F313D007A1BB5 /* Preview Content */,
			);
			path = NearCatch;
			sourceTree = "<group>";
		};
		16514B76284F313D007A1BB5 /* Preview Content */ = {
			isa = PBXGroup;
			children = (
				16514B77284F313D007A1BB5 /* Preview Assets.xcassets */,
			);
			path = "Preview Content";
			sourceTree = "<group>";
		};
		16AEB3152851C0120034CC0F /* Views */ = {
			isa = PBXGroup;
			children = (
				7072D6EE28549B9D008594E5 /* Lottie */,
				0EBDD74A2851DECB0081C832 /* Tutorial */,
				16514B72284F313B007A1BB5 /* ContentView.swift */,
				6F5711752851D7EE00B094C2 /* Profile */,
				16AEB3182851C0650034CC0F /* Home */,
				16AEB3192851C07F0034CC0F /* Shared */,
			);
			path = Views;
			sourceTree = "<group>";
		};
		16AEB3162851C01D0034CC0F /* Models */ = {
			isa = PBXGroup;
			children = (
				1674F8892851D016006BC61A /* TestModel.swift */,
			);
			path = Models;
			sourceTree = "<group>";
		};
		16AEB3172851C03C0034CC0F /* Resources */ = {
			isa = PBXGroup;
			children = (
				7072D6DF285337E8008594E5 /* Colors.xcassets */,
				16514B74284F313D007A1BB5 /* Assets.xcassets */,
			);
			path = Resources;
			sourceTree = "<group>";
		};
		16AEB3182851C0650034CC0F /* Home */ = {
			isa = PBXGroup;
			children = (
				21F1AD29285336130016185A /* Components */,
				16AEB31B2851C3820034CC0F /* HomeView.swift */,
				219F895D2854DE93003AF02A /* PermissionCheckView.swift */,
				219F895F2854E036003AF02A /* SearchView.swift */,
			);
			path = Home;
			sourceTree = "<group>";
		};
		16AEB3192851C07F0034CC0F /* Shared */ = {
			isa = PBXGroup;
			children = (
				7072D6E328533EC3008594E5 /* fonts */,
				6F7303C12851EA8A00CC8115 /* SharedCustomButton.swift */,
				7072D6E128533929008594E5 /* Colors.swift */,
				6F8E26A02857172300B6C568 /* SharedRectangularButton.swift */,
			);
			path = Shared;
			sourceTree = "<group>";
		};
		16AEB31A2851C0A60034CC0F /* Utils */ = {
			isa = PBXGroup;
			children = (
				21352D4E2855902600429DC0 /* HapticUtils */,
				164A4A712854C3A000CA8B0A /* NIUtils */,
			);
			path = Utils;
			sourceTree = "<group>";
		};
		21352D4E2855902600429DC0 /* HapticUtils */ = {
			isa = PBXGroup;
			children = (
				21352D512855C89700429DC0 /* NearCatchHeartbeat.ahap */,
				21352D4F2855907A00429DC0 /* HapticManager.swift */,
				21352D532855CAA800429DC0 /* HapticTestView.swift */,
			);
			path = HapticUtils;
			sourceTree = "<group>";
		};
		21F1AD29285336130016185A /* Components */ = {
			isa = PBXGroup;
			children = (
				21F1AD2A285336360016185A /* HomeMainButton.swift */,
				21F1AD2C285336470016185A /* CircleButton.swift */,
				21F1AD2E285336580016185A /* Tip.swift */,
				21F1AD30285336640016185A /* NearCat.swift */,
				21F1AD32285336720016185A /* Bubble.swift */,
				21F1AD34285336810016185A /* CustomSheet.swift */,
				21F1AD362853368B0016185A /* ProfilePicture.swift */,
				21F1AD38285336940016185A /* Extension.swift */,
			);
			path = Components;
			sourceTree = "<group>";
		};
		6F5711752851D7EE00B094C2 /* Profile */ = {
			isa = PBXGroup;
			children = (
				6F96496E285621F000A54645 /* Components */,
				6F5711762851D7FF00B094C2 /* ProfileView.swift */,
				6FE9AC0D2856FE1C00336D8C /* EditProfileView.swift */,
				6F02F89828571FF40016DF26 /* SetView.swift */,
			);
			path = Profile;
			sourceTree = "<group>";
		};
		6F96496E285621F000A54645 /* Components */ = {
			isa = PBXGroup;
			children = (
				6F96496F2856222C00A54645 /* ProfileInterestCard.swift */,
			);
			path = Components;
			sourceTree = "<group>";
		};
		7072D6E328533EC3008594E5 /* fonts */ = {
			isa = PBXGroup;
			children = (
				7072D6E628533F4D008594E5 /* 온글잎 의연체.ttf */,
			);
			path = fonts;
			sourceTree = "<group>";
		};
		7072D6EE28549B9D008594E5 /* Lottie */ = {
			isa = PBXGroup;
			children = (
				7072D6EC28549B28008594E5 /* LottieView.swift */,
				70A028272857148A0099A619 /* Heart.json */,
				70A02831285726BF0099A619 /* Background.json */,
				70A028292857245B0099A619 /* NearCatStanding.json */,
				70A0282F285726360099A619 /* Star.json */,
			);
			path = Lottie;
			sourceTree = "<group>";
		};
/* End PBXGroup section */

/* Begin PBXNativeTarget section */
		16514B6C284F313B007A1BB5 /* NearCatch */ = {
			isa = PBXNativeTarget;
			buildConfigurationList = 16514B80284F313D007A1BB5 /* Build configuration list for PBXNativeTarget "NearCatch" */;
			buildPhases = (
				16514B69284F313B007A1BB5 /* Sources */,
				16514B6A284F313B007A1BB5 /* Frameworks */,
				16514B6B284F313B007A1BB5 /* Resources */,
			);
			buildRules = (
			);
			dependencies = (
			);
			name = NearCatch;
			packageProductDependencies = (
				7072D6EA28549A71008594E5 /* Lottie */,
			);
			productName = NearCatch;
			productReference = 16514B6D284F313B007A1BB5 /* NearCatch.app */;
			productType = "com.apple.product-type.application";
		};
/* End PBXNativeTarget section */

/* Begin PBXProject section */
		16514B65284F313B007A1BB5 /* Project object */ = {
			isa = PBXProject;
			attributes = {
				BuildIndependentTargetsInParallel = 1;
				LastSwiftUpdateCheck = 1340;
				LastUpgradeCheck = 1340;
				TargetAttributes = {
					16514B6C284F313B007A1BB5 = {
						CreatedOnToolsVersion = 13.4.1;
					};
				};
			};
			buildConfigurationList = 16514B68284F313B007A1BB5 /* Build configuration list for PBXProject "NearCatch" */;
			compatibilityVersion = "Xcode 13.0";
			developmentRegion = en;
			hasScannedForEncodings = 0;
			knownRegions = (
				en,
				Base,
			);
			mainGroup = 16514B64284F313B007A1BB5;
			packageReferences = (
				7072D6E928549A71008594E5 /* XCRemoteSwiftPackageReference "lottie-ios" */,
			);
			productRefGroup = 16514B6E284F313B007A1BB5 /* Products */;
			projectDirPath = "";
			projectRoot = "";
			targets = (
				16514B6C284F313B007A1BB5 /* NearCatch */,
			);
		};
/* End PBXProject section */

/* Begin PBXResourcesBuildPhase section */
		16514B6B284F313B007A1BB5 /* Resources */ = {
			isa = PBXResourcesBuildPhase;
			buildActionMask = 2147483647;
			files = (
				70A02832285726BF0099A619 /* Background.json in Resources */,
				7072D6E0285337E8008594E5 /* Colors.xcassets in Resources */,
				70A0282A2857245B0099A619 /* NearCatStanding.json in Resources */,
				70A028282857148A0099A619 /* Heart.json in Resources */,
				70A02830285726360099A619 /* Star.json in Resources */,
				16514B78284F313D007A1BB5 /* Preview Assets.xcassets in Resources */,
				21352D522855C89700429DC0 /* NearCatchHeartbeat.ahap in Resources */,
				7072D6E728533F4D008594E5 /* 온글잎 의연체.ttf in Resources */,
				16514B75284F313D007A1BB5 /* Assets.xcassets in Resources */,
			);
			runOnlyForDeploymentPostprocessing = 0;
		};
/* End PBXResourcesBuildPhase section */

/* Begin PBXSourcesBuildPhase section */
		16514B69284F313B007A1BB5 /* Sources */ = {
			isa = PBXSourcesBuildPhase;
			buildActionMask = 2147483647;
			files = (
				21352D502855907A00429DC0 /* HapticManager.swift in Sources */,
				6F02F89928571FF40016DF26 /* SetView.swift in Sources */,
				6F5711772851D7FF00B094C2 /* ProfileView.swift in Sources */,
				7072D6E228533929008594E5 /* Colors.swift in Sources */,
				16514B73284F313B007A1BB5 /* ContentView.swift in Sources */,
				16514B71284F313B007A1BB5 /* NearCatchApp.swift in Sources */,
				0EBDD74E2851E2950081C832 /* SettingNicknameView.swift in Sources */,
				1674F88A2851D016006BC61A /* TestModel.swift in Sources */,
				21F1AD35285336810016185A /* CustomSheet.swift in Sources */,
				219F89602854E036003AF02A /* SearchView.swift in Sources */,
				16AEB31C2851C3820034CC0F /* HomeView.swift in Sources */,
				6FE9AC0E2856FE1C00336D8C /* EditProfileView.swift in Sources */,
				6F9649702856222C00A54645 /* ProfileInterestCard.swift in Sources */,
				21F1AD2D285336470016185A /* CircleButton.swift in Sources */,
				16514B7D284F313D007A1BB5 /* NearCatch.xcdatamodeld in Sources */,
				7072D6ED28549B28008594E5 /* LottieView.swift in Sources */,
				6F8E26A12857172300B6C568 /* SharedRectangularButton.swift in Sources */,
				21352D542855CAA800429DC0 /* HapticTestView.swift in Sources */,
				164A4A732854C43800CA8B0A /* MathUtilities.swift in Sources */,
				21F1AD2B285336360016185A /* HomeMainButton.swift in Sources */,
				21F1AD39285336940016185A /* Extension.swift in Sources */,
				21F1AD2F285336580016185A /* Tip.swift in Sources */,
				6F7303C22851EA8A00CC8115 /* SharedCustomButton.swift in Sources */,
				21F1AD372853368B0016185A /* ProfilePicture.swift in Sources */,
				21F1AD33285336720016185A /* Bubble.swift in Sources */,
				71C96D302855CD5100ED9A9F /* CoreDataManager.swift in Sources */,
				219F895E2854DE93003AF02A /* PermissionCheckView.swift in Sources */,
				0EBDD7502851E2AF0081C832 /* PageControlView.swift in Sources */,
				164A4A752854C47400CA8B0A /* NISessionManager.swift in Sources */,
				21F1AD31285336640016185A /* NearCat.swift in Sources */,
				164A4A782854C4DC00CA8B0A /* MPCSession.swift in Sources */,
			);
			runOnlyForDeploymentPostprocessing = 0;
		};
/* End PBXSourcesBuildPhase section */

/* Begin XCBuildConfiguration section */
		16514B7E284F313D007A1BB5 /* Debug */ = {
			isa = XCBuildConfiguration;
			buildSettings = {
				ALWAYS_SEARCH_USER_PATHS = NO;
				CLANG_ANALYZER_NONNULL = YES;
				CLANG_ANALYZER_NUMBER_OBJECT_CONVERSION = YES_AGGRESSIVE;
				CLANG_CXX_LANGUAGE_STANDARD = "gnu++17";
				CLANG_ENABLE_MODULES = YES;
				CLANG_ENABLE_OBJC_ARC = YES;
				CLANG_ENABLE_OBJC_WEAK = YES;
				CLANG_WARN_BLOCK_CAPTURE_AUTORELEASING = YES;
				CLANG_WARN_BOOL_CONVERSION = YES;
				CLANG_WARN_COMMA = YES;
				CLANG_WARN_CONSTANT_CONVERSION = YES;
				CLANG_WARN_DEPRECATED_OBJC_IMPLEMENTATIONS = YES;
				CLANG_WARN_DIRECT_OBJC_ISA_USAGE = YES_ERROR;
				CLANG_WARN_DOCUMENTATION_COMMENTS = YES;
				CLANG_WARN_EMPTY_BODY = YES;
				CLANG_WARN_ENUM_CONVERSION = YES;
				CLANG_WARN_INFINITE_RECURSION = YES;
				CLANG_WARN_INT_CONVERSION = YES;
				CLANG_WARN_NON_LITERAL_NULL_CONVERSION = YES;
				CLANG_WARN_OBJC_IMPLICIT_RETAIN_SELF = YES;
				CLANG_WARN_OBJC_LITERAL_CONVERSION = YES;
				CLANG_WARN_OBJC_ROOT_CLASS = YES_ERROR;
				CLANG_WARN_QUOTED_INCLUDE_IN_FRAMEWORK_HEADER = YES;
				CLANG_WARN_RANGE_LOOP_ANALYSIS = YES;
				CLANG_WARN_STRICT_PROTOTYPES = YES;
				CLANG_WARN_SUSPICIOUS_MOVE = YES;
				CLANG_WARN_UNGUARDED_AVAILABILITY = YES_AGGRESSIVE;
				CLANG_WARN_UNREACHABLE_CODE = YES;
				CLANG_WARN__DUPLICATE_METHOD_MATCH = YES;
				COPY_PHASE_STRIP = NO;
				DEBUG_INFORMATION_FORMAT = dwarf;
				ENABLE_STRICT_OBJC_MSGSEND = YES;
				ENABLE_TESTABILITY = YES;
				GCC_C_LANGUAGE_STANDARD = gnu11;
				GCC_DYNAMIC_NO_PIC = NO;
				GCC_NO_COMMON_BLOCKS = YES;
				GCC_OPTIMIZATION_LEVEL = 0;
				GCC_PREPROCESSOR_DEFINITIONS = (
					"DEBUG=1",
					"$(inherited)",
				);
				GCC_WARN_64_TO_32_BIT_CONVERSION = YES;
				GCC_WARN_ABOUT_RETURN_TYPE = YES_ERROR;
				GCC_WARN_UNDECLARED_SELECTOR = YES;
				GCC_WARN_UNINITIALIZED_AUTOS = YES_AGGRESSIVE;
				GCC_WARN_UNUSED_FUNCTION = YES;
				GCC_WARN_UNUSED_VARIABLE = YES;
				IPHONEOS_DEPLOYMENT_TARGET = 15.5;
				MTL_ENABLE_DEBUG_INFO = INCLUDE_SOURCE;
				MTL_FAST_MATH = YES;
				ONLY_ACTIVE_ARCH = YES;
				SDKROOT = iphoneos;
				SWIFT_ACTIVE_COMPILATION_CONDITIONS = DEBUG;
				SWIFT_OPTIMIZATION_LEVEL = "-Onone";
			};
			name = Debug;
		};
		16514B7F284F313D007A1BB5 /* Release */ = {
			isa = XCBuildConfiguration;
			buildSettings = {
				ALWAYS_SEARCH_USER_PATHS = NO;
				CLANG_ANALYZER_NONNULL = YES;
				CLANG_ANALYZER_NUMBER_OBJECT_CONVERSION = YES_AGGRESSIVE;
				CLANG_CXX_LANGUAGE_STANDARD = "gnu++17";
				CLANG_ENABLE_MODULES = YES;
				CLANG_ENABLE_OBJC_ARC = YES;
				CLANG_ENABLE_OBJC_WEAK = YES;
				CLANG_WARN_BLOCK_CAPTURE_AUTORELEASING = YES;
				CLANG_WARN_BOOL_CONVERSION = YES;
				CLANG_WARN_COMMA = YES;
				CLANG_WARN_CONSTANT_CONVERSION = YES;
				CLANG_WARN_DEPRECATED_OBJC_IMPLEMENTATIONS = YES;
				CLANG_WARN_DIRECT_OBJC_ISA_USAGE = YES_ERROR;
				CLANG_WARN_DOCUMENTATION_COMMENTS = YES;
				CLANG_WARN_EMPTY_BODY = YES;
				CLANG_WARN_ENUM_CONVERSION = YES;
				CLANG_WARN_INFINITE_RECURSION = YES;
				CLANG_WARN_INT_CONVERSION = YES;
				CLANG_WARN_NON_LITERAL_NULL_CONVERSION = YES;
				CLANG_WARN_OBJC_IMPLICIT_RETAIN_SELF = YES;
				CLANG_WARN_OBJC_LITERAL_CONVERSION = YES;
				CLANG_WARN_OBJC_ROOT_CLASS = YES_ERROR;
				CLANG_WARN_QUOTED_INCLUDE_IN_FRAMEWORK_HEADER = YES;
				CLANG_WARN_RANGE_LOOP_ANALYSIS = YES;
				CLANG_WARN_STRICT_PROTOTYPES = YES;
				CLANG_WARN_SUSPICIOUS_MOVE = YES;
				CLANG_WARN_UNGUARDED_AVAILABILITY = YES_AGGRESSIVE;
				CLANG_WARN_UNREACHABLE_CODE = YES;
				CLANG_WARN__DUPLICATE_METHOD_MATCH = YES;
				COPY_PHASE_STRIP = NO;
				DEBUG_INFORMATION_FORMAT = "dwarf-with-dsym";
				ENABLE_NS_ASSERTIONS = NO;
				ENABLE_STRICT_OBJC_MSGSEND = YES;
				GCC_C_LANGUAGE_STANDARD = gnu11;
				GCC_NO_COMMON_BLOCKS = YES;
				GCC_WARN_64_TO_32_BIT_CONVERSION = YES;
				GCC_WARN_ABOUT_RETURN_TYPE = YES_ERROR;
				GCC_WARN_UNDECLARED_SELECTOR = YES;
				GCC_WARN_UNINITIALIZED_AUTOS = YES_AGGRESSIVE;
				GCC_WARN_UNUSED_FUNCTION = YES;
				GCC_WARN_UNUSED_VARIABLE = YES;
				IPHONEOS_DEPLOYMENT_TARGET = 15.5;
				MTL_ENABLE_DEBUG_INFO = NO;
				MTL_FAST_MATH = YES;
				SDKROOT = iphoneos;
				SWIFT_COMPILATION_MODE = wholemodule;
				SWIFT_OPTIMIZATION_LEVEL = "-O";
				VALIDATE_PRODUCT = YES;
			};
			name = Release;
		};
		16514B81284F313D007A1BB5 /* Debug */ = {
			isa = XCBuildConfiguration;
			buildSettings = {
				ASSETCATALOG_COMPILER_APPICON_NAME = AppIcon;
				ASSETCATALOG_COMPILER_GLOBAL_ACCENT_COLOR_NAME = AccentColor;
				CODE_SIGN_STYLE = Automatic;
				CURRENT_PROJECT_VERSION = 1;
				DEVELOPMENT_ASSET_PATHS = "\"NearCatch/Preview Content\"";
				DEVELOPMENT_TEAM = UYQK5W3Y6T;
				ENABLE_PREVIEWS = YES;
				GENERATE_INFOPLIST_FILE = YES;
				INFOPLIST_FILE = NearCatch/Info.plist;
				INFOPLIST_KEY_NSLocalNetworkUsageDescription = "";
				INFOPLIST_KEY_NSNearbyInteractionUsageDescription = "";
				INFOPLIST_KEY_UIApplicationSceneManifest_Generation = YES;
				INFOPLIST_KEY_UIApplicationSupportsIndirectInputEvents = YES;
				INFOPLIST_KEY_UILaunchScreen_Generation = YES;
				INFOPLIST_KEY_UIRequiredDeviceCapabilities = armv7;
				INFOPLIST_KEY_UISupportedInterfaceOrientations_iPad = "UIInterfaceOrientationPortrait UIInterfaceOrientationPortraitUpsideDown UIInterfaceOrientationLandscapeLeft UIInterfaceOrientationLandscapeRight";
				INFOPLIST_KEY_UISupportedInterfaceOrientations_iPhone = UIInterfaceOrientationPortrait;
				LD_RUNPATH_SEARCH_PATHS = (
					"$(inherited)",
					"@executable_path/Frameworks",
				);
				MARKETING_VERSION = 1.0;
				PRODUCT_BUNDLE_IDENTIFIER = com.2pm.NearCatch;
				PRODUCT_NAME = "$(TARGET_NAME)";
				SWIFT_EMIT_LOC_STRINGS = YES;
				SWIFT_VERSION = 5.0;
				TARGETED_DEVICE_FAMILY = "1,2";
			};
			name = Debug;
		};
		16514B82284F313D007A1BB5 /* Release */ = {
			isa = XCBuildConfiguration;
			buildSettings = {
				ASSETCATALOG_COMPILER_APPICON_NAME = AppIcon;
				ASSETCATALOG_COMPILER_GLOBAL_ACCENT_COLOR_NAME = AccentColor;
				CODE_SIGN_STYLE = Automatic;
				CURRENT_PROJECT_VERSION = 1;
				DEVELOPMENT_ASSET_PATHS = "\"NearCatch/Preview Content\"";
				DEVELOPMENT_TEAM = UYQK5W3Y6T;
				ENABLE_PREVIEWS = YES;
				GENERATE_INFOPLIST_FILE = YES;
				INFOPLIST_FILE = NearCatch/Info.plist;
				INFOPLIST_KEY_NSLocalNetworkUsageDescription = "";
				INFOPLIST_KEY_NSNearbyInteractionUsageDescription = "";
				INFOPLIST_KEY_UIApplicationSceneManifest_Generation = YES;
				INFOPLIST_KEY_UIApplicationSupportsIndirectInputEvents = YES;
				INFOPLIST_KEY_UILaunchScreen_Generation = YES;
				INFOPLIST_KEY_UIRequiredDeviceCapabilities = armv7;
				INFOPLIST_KEY_UISupportedInterfaceOrientations_iPad = "UIInterfaceOrientationPortrait UIInterfaceOrientationPortraitUpsideDown UIInterfaceOrientationLandscapeLeft UIInterfaceOrientationLandscapeRight";
				INFOPLIST_KEY_UISupportedInterfaceOrientations_iPhone = UIInterfaceOrientationPortrait;
				LD_RUNPATH_SEARCH_PATHS = (
					"$(inherited)",
					"@executable_path/Frameworks",
				);
				MARKETING_VERSION = 1.0;
				PRODUCT_BUNDLE_IDENTIFIER = com.2pm.NearCatch;
				PRODUCT_NAME = "$(TARGET_NAME)";
				SWIFT_EMIT_LOC_STRINGS = YES;
				SWIFT_VERSION = 5.0;
				TARGETED_DEVICE_FAMILY = "1,2";
			};
			name = Release;
		};
/* End XCBuildConfiguration section */

/* Begin XCConfigurationList section */
		16514B68284F313B007A1BB5 /* Build configuration list for PBXProject "NearCatch" */ = {
			isa = XCConfigurationList;
			buildConfigurations = (
				16514B7E284F313D007A1BB5 /* Debug */,
				16514B7F284F313D007A1BB5 /* Release */,
			);
			defaultConfigurationIsVisible = 0;
			defaultConfigurationName = Release;
		};
		16514B80284F313D007A1BB5 /* Build configuration list for PBXNativeTarget "NearCatch" */ = {
			isa = XCConfigurationList;
			buildConfigurations = (
				16514B81284F313D007A1BB5 /* Debug */,
				16514B82284F313D007A1BB5 /* Release */,
			);
			defaultConfigurationIsVisible = 0;
			defaultConfigurationName = Release;
		};
/* End XCConfigurationList section */

/* Begin XCRemoteSwiftPackageReference section */
		7072D6E928549A71008594E5 /* XCRemoteSwiftPackageReference "lottie-ios" */ = {
			isa = XCRemoteSwiftPackageReference;
			repositoryURL = "https://github.com/airbnb/lottie-ios.git";
			requirement = {
				branch = master;
				kind = branch;
			};
		};
/* End XCRemoteSwiftPackageReference section */

/* Begin XCSwiftPackageProductDependency section */
		7072D6EA28549A71008594E5 /* Lottie */ = {
			isa = XCSwiftPackageProductDependency;
			package = 7072D6E928549A71008594E5 /* XCRemoteSwiftPackageReference "lottie-ios" */;
			productName = Lottie;
		};
/* End XCSwiftPackageProductDependency section */

/* Begin XCVersionGroup section */
		16514B7B284F313D007A1BB5 /* NearCatch.xcdatamodeld */ = {
			isa = XCVersionGroup;
			children = (
				16514B7C284F313D007A1BB5 /* NearCatch.xcdatamodel */,
			);
			currentVersion = 16514B7C284F313D007A1BB5 /* NearCatch.xcdatamodel */;
			path = NearCatch.xcdatamodeld;
			sourceTree = "<group>";
			versionGroupType = wrapper.xcdatamodel;
		};
/* End XCVersionGroup section */
	};
	rootObject = 16514B65284F313B007A1BB5 /* Project object */;
}
