// !$*UTF8*$!
{
	archiveVersion = 1;
	classes = {
	};
	objectVersion = 55;
	objects = {

/* Begin PBXBuildFile section */
		16514B71284F313B007A1BB5 /* NearCatchApp.swift in Sources */ = {isa = PBXBuildFile; fileRef = 16514B70284F313B007A1BB5 /* NearCatchApp.swift */; };
		16514B73284F313B007A1BB5 /* ContentView.swift in Sources */ = {isa = PBXBuildFile; fileRef = 16514B72284F313B007A1BB5 /* ContentView.swift */; };
		16514B75284F313D007A1BB5 /* Assets.xcassets in Resources */ = {isa = PBXBuildFile; fileRef = 16514B74284F313D007A1BB5 /* Assets.xcassets */; };
		16514B78284F313D007A1BB5 /* Preview Assets.xcassets in Resources */ = {isa = PBXBuildFile; fileRef = 16514B77284F313D007A1BB5 /* Preview Assets.xcassets */; };
		16514B7A284F313D007A1BB5 /* Persistence.swift in Sources */ = {isa = PBXBuildFile; fileRef = 16514B79284F313D007A1BB5 /* Persistence.swift */; };
		16514B7D284F313D007A1BB5 /* NearCatch.xcdatamodeld in Sources */ = {isa = PBXBuildFile; fileRef = 16514B7B284F313D007A1BB5 /* NearCatch.xcdatamodeld */; };
		1674F8882851D006006BC61A /* SharedTestView.swift in Sources */ = {isa = PBXBuildFile; fileRef = 1674F8872851D006006BC61A /* SharedTestView.swift */; };
		1674F88A2851D016006BC61A /* TestModel.swift in Sources */ = {isa = PBXBuildFile; fileRef = 1674F8892851D016006BC61A /* TestModel.swift */; };
		16AEB31C2851C3820034CC0F /* HomeView.swift in Sources */ = {isa = PBXBuildFile; fileRef = 16AEB31B2851C3820034CC0F /* HomeView.swift */; };
		217B06E028530E77003700B9 /* Extensions.swift in Sources */ = {isa = PBXBuildFile; fileRef = 217B06DF28530E77003700B9 /* Extensions.swift */; };
		217B06E228531358003700B9 /* ProfilePicture.swift in Sources */ = {isa = PBXBuildFile; fileRef = 217B06E128531358003700B9 /* ProfilePicture.swift */; };
		217B06E4285315AB003700B9 /* CustomSheet.swift in Sources */ = {isa = PBXBuildFile; fileRef = 217B06E3285315AB003700B9 /* CustomSheet.swift */; };
		217B06E628531C9E003700B9 /* NearCat.swift in Sources */ = {isa = PBXBuildFile; fileRef = 217B06E528531C9E003700B9 /* NearCat.swift */; };
		218C1C372851E13B008F385B /* HomeMainButton.swift in Sources */ = {isa = PBXBuildFile; fileRef = 218C1C362851E13B008F385B /* HomeMainButton.swift */; };
		218C1C392851E52A008F385B /* CircleButton.swift in Sources */ = {isa = PBXBuildFile; fileRef = 218C1C382851E52A008F385B /* CircleButton.swift */; };
		218C1C3B2851E671008F385B /* Tip.swift in Sources */ = {isa = PBXBuildFile; fileRef = 218C1C3A2851E671008F385B /* Tip.swift */; };
		218C1C3D2851EB31008F385B /* Bubble.swift in Sources */ = {isa = PBXBuildFile; fileRef = 218C1C3C2851EB31008F385B /* Bubble.swift */; };
/* End PBXBuildFile section */

/* Begin PBXFileReference section */
		16514B6D284F313B007A1BB5 /* NearCatch.app */ = {isa = PBXFileReference; explicitFileType = wrapper.application; includeInIndex = 0; path = NearCatch.app; sourceTree = BUILT_PRODUCTS_DIR; };
		16514B70284F313B007A1BB5 /* NearCatchApp.swift */ = {isa = PBXFileReference; lastKnownFileType = sourcecode.swift; path = NearCatchApp.swift; sourceTree = "<group>"; };
		16514B72284F313B007A1BB5 /* ContentView.swift */ = {isa = PBXFileReference; lastKnownFileType = sourcecode.swift; path = ContentView.swift; sourceTree = "<group>"; };
		16514B74284F313D007A1BB5 /* Assets.xcassets */ = {isa = PBXFileReference; lastKnownFileType = folder.assetcatalog; path = Assets.xcassets; sourceTree = "<group>"; };
		16514B77284F313D007A1BB5 /* Preview Assets.xcassets */ = {isa = PBXFileReference; lastKnownFileType = folder.assetcatalog; path = "Preview Assets.xcassets"; sourceTree = "<group>"; };
		16514B79284F313D007A1BB5 /* Persistence.swift */ = {isa = PBXFileReference; lastKnownFileType = sourcecode.swift; path = Persistence.swift; sourceTree = "<group>"; };
		16514B7C284F313D007A1BB5 /* NearCatch.xcdatamodel */ = {isa = PBXFileReference; lastKnownFileType = wrapper.xcdatamodel; path = NearCatch.xcdatamodel; sourceTree = "<group>"; };
		1674F8872851D006006BC61A /* SharedTestView.swift */ = {isa = PBXFileReference; lastKnownFileType = sourcecode.swift; path = SharedTestView.swift; sourceTree = "<group>"; };
		1674F8892851D016006BC61A /* TestModel.swift */ = {isa = PBXFileReference; lastKnownFileType = sourcecode.swift; path = TestModel.swift; sourceTree = "<group>"; };
		16AEB31B2851C3820034CC0F /* HomeView.swift */ = {isa = PBXFileReference; lastKnownFileType = sourcecode.swift; path = HomeView.swift; sourceTree = "<group>"; };
		217B06DF28530E77003700B9 /* Extensions.swift */ = {isa = PBXFileReference; lastKnownFileType = sourcecode.swift; path = Extensions.swift; sourceTree = "<group>"; };
		217B06E128531358003700B9 /* ProfilePicture.swift */ = {isa = PBXFileReference; lastKnownFileType = sourcecode.swift; path = ProfilePicture.swift; sourceTree = "<group>"; };
		217B06E3285315AB003700B9 /* CustomSheet.swift */ = {isa = PBXFileReference; lastKnownFileType = sourcecode.swift; path = CustomSheet.swift; sourceTree = "<group>"; };
		217B06E528531C9E003700B9 /* NearCat.swift */ = {isa = PBXFileReference; lastKnownFileType = sourcecode.swift; path = NearCat.swift; sourceTree = "<group>"; };
		218C1C362851E13B008F385B /* HomeMainButton.swift */ = {isa = PBXFileReference; lastKnownFileType = sourcecode.swift; path = HomeMainButton.swift; sourceTree = "<group>"; };
		218C1C382851E52A008F385B /* CircleButton.swift */ = {isa = PBXFileReference; lastKnownFileType = sourcecode.swift; path = CircleButton.swift; sourceTree = "<group>"; };
		218C1C3A2851E671008F385B /* Tip.swift */ = {isa = PBXFileReference; lastKnownFileType = sourcecode.swift; path = Tip.swift; sourceTree = "<group>"; };
		218C1C3C2851EB31008F385B /* Bubble.swift */ = {isa = PBXFileReference; lastKnownFileType = sourcecode.swift; path = Bubble.swift; sourceTree = "<group>"; };
/* End PBXFileReference section */

/* Begin PBXFrameworksBuildPhase section */
		16514B6A284F313B007A1BB5 /* Frameworks */ = {
			isa = PBXFrameworksBuildPhase;
			buildActionMask = 2147483647;
			files = (
			);
			runOnlyForDeploymentPostprocessing = 0;
		};
/* End PBXFrameworksBuildPhase section */

/* Begin PBXGroup section */
		16514B64284F313B007A1BB5 = {
			isa = PBXGroup;
			children = (
				16514B6F284F313B007A1BB5 /* NearCatch */,
				16514B6E284F313B007A1BB5 /* Products */,
			);
			sourceTree = "<group>";
		};
		16514B6E284F313B007A1BB5 /* Products */ = {
			isa = PBXGroup;
			children = (
				16514B6D284F313B007A1BB5 /* NearCatch.app */,
			);
			name = Products;
			sourceTree = "<group>";
		};
		16514B6F284F313B007A1BB5 /* NearCatch */ = {
			isa = PBXGroup;
			children = (
				16514B70284F313B007A1BB5 /* NearCatchApp.swift */,
				16AEB3152851C0120034CC0F /* Views */,
				16AEB3162851C01D0034CC0F /* Models */,
				16AEB31A2851C0A60034CC0F /* Utils */,
				16AEB3172851C03C0034CC0F /* Resources */,
				16514B7B284F313D007A1BB5 /* NearCatch.xcdatamodeld */,
				16514B76284F313D007A1BB5 /* Preview Content */,
			);
			path = NearCatch;
			sourceTree = "<group>";
		};
		16514B76284F313D007A1BB5 /* Preview Content */ = {
			isa = PBXGroup;
			children = (
				16514B77284F313D007A1BB5 /* Preview Assets.xcassets */,
			);
			path = "Preview Content";
			sourceTree = "<group>";
		};
		16AEB3152851C0120034CC0F /* Views */ = {
			isa = PBXGroup;
			children = (
				16514B72284F313B007A1BB5 /* ContentView.swift */,
				16AEB3182851C0650034CC0F /* Home */,
				16AEB3192851C07F0034CC0F /* Shared */,
			);
			path = Views;
			sourceTree = "<group>";
		};
		16AEB3162851C01D0034CC0F /* Models */ = {
			isa = PBXGroup;
			children = (
				1674F8892851D016006BC61A /* TestModel.swift */,
			);
			path = Models;
			sourceTree = "<group>";
		};
		16AEB3172851C03C0034CC0F /* Resources */ = {
			isa = PBXGroup;
			children = (
				16514B74284F313D007A1BB5 /* Assets.xcassets */,
			);
			path = Resources;
			sourceTree = "<group>";
		};
		16AEB3182851C0650034CC0F /* Home */ = {
			isa = PBXGroup;
			children = (
				218C1C352851E0A1008F385B /* Components */,
				16AEB31B2851C3820034CC0F /* HomeView.swift */,
			);
			path = Home;
			sourceTree = "<group>";
		};
		16AEB3192851C07F0034CC0F /* Shared */ = {
			isa = PBXGroup;
			children = (
				1674F8872851D006006BC61A /* SharedTestView.swift */,
			);
			path = Shared;
			sourceTree = "<group>";
		};
		16AEB31A2851C0A60034CC0F /* Utils */ = {
			isa = PBXGroup;
			children = (
				16514B79284F313D007A1BB5 /* Persistence.swift */,
			);
			path = Utils;
			sourceTree = "<group>";
		};
		218C1C352851E0A1008F385B /* Components */ = {
			isa = PBXGroup;
			children = (
				218C1C362851E13B008F385B /* HomeMainButton.swift */,
				218C1C382851E52A008F385B /* CircleButton.swift */,
				218C1C3A2851E671008F385B /* Tip.swift */,
				217B06E528531C9E003700B9 /* NearCat.swift */,
				218C1C3C2851EB31008F385B /* Bubble.swift */,
				217B06E3285315AB003700B9 /* CustomSheet.swift */,
				217B06E128531358003700B9 /* ProfilePicture.swift */,
				217B06DF28530E77003700B9 /* Extensions.swift */,
			);
			path = Components;
			sourceTree = "<group>";
		};
/* End PBXGroup section */

/* Begin PBXNativeTarget section */
		16514B6C284F313B007A1BB5 /* NearCatch */ = {
			isa = PBXNativeTarget;
			buildConfigurationList = 16514B80284F313D007A1BB5 /* Build configuration list for PBXNativeTarget "NearCatch" */;
			buildPhases = (
				16514B69284F313B007A1BB5 /* Sources */,
				16514B6A284F313B007A1BB5 /* Frameworks */,
				16514B6B284F313B007A1BB5 /* Resources */,
			);
			buildRules = (
			);
			dependencies = (
			);
			name = NearCatch;
			productName = NearCatch;
			productReference = 16514B6D284F313B007A1BB5 /* NearCatch.app */;
			productType = "com.apple.product-type.application";
		};
/* End PBXNativeTarget section */

/* Begin PBXProject section */
		16514B65284F313B007A1BB5 /* Project object */ = {
			isa = PBXProject;
			attributes = {
				BuildIndependentTargetsInParallel = 1;
				LastSwiftUpdateCheck = 1340;
				LastUpgradeCheck = 1340;
				TargetAttributes = {
					16514B6C284F313B007A1BB5 = {
						CreatedOnToolsVersion = 13.4.1;
					};
				};
			};
			buildConfigurationList = 16514B68284F313B007A1BB5 /* Build configuration list for PBXProject "NearCatch" */;
			compatibilityVersion = "Xcode 13.0";
			developmentRegion = en;
			hasScannedForEncodings = 0;
			knownRegions = (
				en,
				Base,
			);
			mainGroup = 16514B64284F313B007A1BB5;
			productRefGroup = 16514B6E284F313B007A1BB5 /* Products */;
			projectDirPath = "";
			projectRoot = "";
			targets = (
				16514B6C284F313B007A1BB5 /* NearCatch */,
			);
		};
/* End PBXProject section */

/* Begin PBXResourcesBuildPhase section */
		16514B6B284F313B007A1BB5 /* Resources */ = {
			isa = PBXResourcesBuildPhase;
			buildActionMask = 2147483647;
			files = (
				16514B78284F313D007A1BB5 /* Preview Assets.xcassets in Resources */,
				16514B75284F313D007A1BB5 /* Assets.xcassets in Resources */,
			);
			runOnlyForDeploymentPostprocessing = 0;
		};
/* End PBXResourcesBuildPhase section */

/* Begin PBXSourcesBuildPhase section */
		16514B69284F313B007A1BB5 /* Sources */ = {
			isa = PBXSourcesBuildPhase;
			buildActionMask = 2147483647;
			files = (
				16514B7A284F313D007A1BB5 /* Persistence.swift in Sources */,
				218C1C372851E13B008F385B /* HomeMainButton.swift in Sources */,
				218C1C3D2851EB31008F385B /* Bubble.swift in Sources */,
				16514B73284F313B007A1BB5 /* ContentView.swift in Sources */,
				218C1C392851E52A008F385B /* CircleButton.swift in Sources */,
				218C1C3B2851E671008F385B /* Tip.swift in Sources */,
				16514B71284F313B007A1BB5 /* NearCatchApp.swift in Sources */,
				217B06E628531C9E003700B9 /* NearCat.swift in Sources */,
				217B06E028530E77003700B9 /* Extensions.swift in Sources */,
				1674F88A2851D016006BC61A /* TestModel.swift in Sources */,
				16AEB31C2851C3820034CC0F /* HomeView.swift in Sources */,
				16514B7D284F313D007A1BB5 /* NearCatch.xcdatamodeld in Sources */,
				217B06E228531358003700B9 /* ProfilePicture.swift in Sources */,
				217B06E4285315AB003700B9 /* CustomSheet.swift in Sources */,
				1674F8882851D006006BC61A /* SharedTestView.swift in Sources */,
			);
			runOnlyForDeploymentPostprocessing = 0;
		};
/* End PBXSourcesBuildPhase section */

/* Begin XCBuildConfiguration section */
		16514B7E284F313D007A1BB5 /* Debug */ = {
			isa = XCBuildConfiguration;
			buildSettings = {
				ALWAYS_SEARCH_USER_PATHS = NO;
				CLANG_ANALYZER_NONNULL = YES;
				CLANG_ANALYZER_NUMBER_OBJECT_CONVERSION = YES_AGGRESSIVE;
				CLANG_CXX_LANGUAGE_STANDARD = "gnu++17";
				CLANG_ENABLE_MODULES = YES;
				CLANG_ENABLE_OBJC_ARC = YES;
				CLANG_ENABLE_OBJC_WEAK = YES;
				CLANG_WARN_BLOCK_CAPTURE_AUTORELEASING = YES;
				CLANG_WARN_BOOL_CONVERSION = YES;
				CLANG_WARN_COMMA = YES;
				CLANG_WARN_CONSTANT_CONVERSION = YES;
				CLANG_WARN_DEPRECATED_OBJC_IMPLEMENTATIONS = YES;
				CLANG_WARN_DIRECT_OBJC_ISA_USAGE = YES_ERROR;
				CLANG_WARN_DOCUMENTATION_COMMENTS = YES;
				CLANG_WARN_EMPTY_BODY = YES;
				CLANG_WARN_ENUM_CONVERSION = YES;
				CLANG_WARN_INFINITE_RECURSION = YES;
				CLANG_WARN_INT_CONVERSION = YES;
				CLANG_WARN_NON_LITERAL_NULL_CONVERSION = YES;
				CLANG_WARN_OBJC_IMPLICIT_RETAIN_SELF = YES;
				CLANG_WARN_OBJC_LITERAL_CONVERSION = YES;
				CLANG_WARN_OBJC_ROOT_CLASS = YES_ERROR;
				CLANG_WARN_QUOTED_INCLUDE_IN_FRAMEWORK_HEADER = YES;
				CLANG_WARN_RANGE_LOOP_ANALYSIS = YES;
				CLANG_WARN_STRICT_PROTOTYPES = YES;
				CLANG_WARN_SUSPICIOUS_MOVE = YES;
				CLANG_WARN_UNGUARDED_AVAILABILITY = YES_AGGRESSIVE;
				CLANG_WARN_UNREACHABLE_CODE = YES;
				CLANG_WARN__DUPLICATE_METHOD_MATCH = YES;
				COPY_PHASE_STRIP = NO;
				DEBUG_INFORMATION_FORMAT = dwarf;
				ENABLE_STRICT_OBJC_MSGSEND = YES;
				ENABLE_TESTABILITY = YES;
				GCC_C_LANGUAGE_STANDARD = gnu11;
				GCC_DYNAMIC_NO_PIC = NO;
				GCC_NO_COMMON_BLOCKS = YES;
				GCC_OPTIMIZATION_LEVEL = 0;
				GCC_PREPROCESSOR_DEFINITIONS = (
					"DEBUG=1",
					"$(inherited)",
				);
				GCC_WARN_64_TO_32_BIT_CONVERSION = YES;
				GCC_WARN_ABOUT_RETURN_TYPE = YES_ERROR;
				GCC_WARN_UNDECLARED_SELECTOR = YES;
				GCC_WARN_UNINITIALIZED_AUTOS = YES_AGGRESSIVE;
				GCC_WARN_UNUSED_FUNCTION = YES;
				GCC_WARN_UNUSED_VARIABLE = YES;
				IPHONEOS_DEPLOYMENT_TARGET = 15.5;
				MTL_ENABLE_DEBUG_INFO = INCLUDE_SOURCE;
				MTL_FAST_MATH = YES;
				ONLY_ACTIVE_ARCH = YES;
				SDKROOT = iphoneos;
				SWIFT_ACTIVE_COMPILATION_CONDITIONS = DEBUG;
				SWIFT_OPTIMIZATION_LEVEL = "-Onone";
			};
			name = Debug;
		};
		16514B7F284F313D007A1BB5 /* Release */ = {
			isa = XCBuildConfiguration;
			buildSettings = {
				ALWAYS_SEARCH_USER_PATHS = NO;
				CLANG_ANALYZER_NONNULL = YES;
				CLANG_ANALYZER_NUMBER_OBJECT_CONVERSION = YES_AGGRESSIVE;
				CLANG_CXX_LANGUAGE_STANDARD = "gnu++17";
				CLANG_ENABLE_MODULES = YES;
				CLANG_ENABLE_OBJC_ARC = YES;
				CLANG_ENABLE_OBJC_WEAK = YES;
				CLANG_WARN_BLOCK_CAPTURE_AUTORELEASING = YES;
				CLANG_WARN_BOOL_CONVERSION = YES;
				CLANG_WARN_COMMA = YES;
				CLANG_WARN_CONSTANT_CONVERSION = YES;
				CLANG_WARN_DEPRECATED_OBJC_IMPLEMENTATIONS = YES;
				CLANG_WARN_DIRECT_OBJC_ISA_USAGE = YES_ERROR;
				CLANG_WARN_DOCUMENTATION_COMMENTS = YES;
				CLANG_WARN_EMPTY_BODY = YES;
				CLANG_WARN_ENUM_CONVERSION = YES;
				CLANG_WARN_INFINITE_RECURSION = YES;
				CLANG_WARN_INT_CONVERSION = YES;
				CLANG_WARN_NON_LITERAL_NULL_CONVERSION = YES;
				CLANG_WARN_OBJC_IMPLICIT_RETAIN_SELF = YES;
				CLANG_WARN_OBJC_LITERAL_CONVERSION = YES;
				CLANG_WARN_OBJC_ROOT_CLASS = YES_ERROR;
				CLANG_WARN_QUOTED_INCLUDE_IN_FRAMEWORK_HEADER = YES;
				CLANG_WARN_RANGE_LOOP_ANALYSIS = YES;
				CLANG_WARN_STRICT_PROTOTYPES = YES;
				CLANG_WARN_SUSPICIOUS_MOVE = YES;
				CLANG_WARN_UNGUARDED_AVAILABILITY = YES_AGGRESSIVE;
				CLANG_WARN_UNREACHABLE_CODE = YES;
				CLANG_WARN__DUPLICATE_METHOD_MATCH = YES;
				COPY_PHASE_STRIP = NO;
				DEBUG_INFORMATION_FORMAT = "dwarf-with-dsym";
				ENABLE_NS_ASSERTIONS = NO;
				ENABLE_STRICT_OBJC_MSGSEND = YES;
				GCC_C_LANGUAGE_STANDARD = gnu11;
				GCC_NO_COMMON_BLOCKS = YES;
				GCC_WARN_64_TO_32_BIT_CONVERSION = YES;
				GCC_WARN_ABOUT_RETURN_TYPE = YES_ERROR;
				GCC_WARN_UNDECLARED_SELECTOR = YES;
				GCC_WARN_UNINITIALIZED_AUTOS = YES_AGGRESSIVE;
				GCC_WARN_UNUSED_FUNCTION = YES;
				GCC_WARN_UNUSED_VARIABLE = YES;
				IPHONEOS_DEPLOYMENT_TARGET = 15.5;
				MTL_ENABLE_DEBUG_INFO = NO;
				MTL_FAST_MATH = YES;
				SDKROOT = iphoneos;
				SWIFT_COMPILATION_MODE = wholemodule;
				SWIFT_OPTIMIZATION_LEVEL = "-O";
				VALIDATE_PRODUCT = YES;
			};
			name = Release;
		};
		16514B81284F313D007A1BB5 /* Debug */ = {
			isa = XCBuildConfiguration;
			buildSettings = {
				ASSETCATALOG_COMPILER_APPICON_NAME = AppIcon;
				ASSETCATALOG_COMPILER_GLOBAL_ACCENT_COLOR_NAME = AccentColor;
				CODE_SIGN_STYLE = Automatic;
				CURRENT_PROJECT_VERSION = 1;
				DEVELOPMENT_ASSET_PATHS = "\"NearCatch/Preview Content\"";
				ENABLE_PREVIEWS = YES;
				GENERATE_INFOPLIST_FILE = YES;
				INFOPLIST_KEY_UIApplicationSceneManifest_Generation = YES;
				INFOPLIST_KEY_UIApplicationSupportsIndirectInputEvents = YES;
				INFOPLIST_KEY_UILaunchScreen_Generation = YES;
				INFOPLIST_KEY_UISupportedInterfaceOrientations_iPad = "UIInterfaceOrientationPortrait UIInterfaceOrientationPortraitUpsideDown UIInterfaceOrientationLandscapeLeft UIInterfaceOrientationLandscapeRight";
				INFOPLIST_KEY_UISupportedInterfaceOrientations_iPhone = "UIInterfaceOrientationPortrait UIInterfaceOrientationLandscapeLeft UIInterfaceOrientationLandscapeRight";
				LD_RUNPATH_SEARCH_PATHS = (
					"$(inherited)",
					"@executable_path/Frameworks",
				);
				MARKETING_VERSION = 1.0;
				PRODUCT_BUNDLE_IDENTIFIER = com.2pm.NearCatch;
				PRODUCT_NAME = "$(TARGET_NAME)";
				SWIFT_EMIT_LOC_STRINGS = YES;
				SWIFT_VERSION = 5.0;
				TARGETED_DEVICE_FAMILY = "1,2";
			};
			name = Debug;
		};
		16514B82284F313D007A1BB5 /* Release */ = {
			isa = XCBuildConfiguration;
			buildSettings = {
				ASSETCATALOG_COMPILER_APPICON_NAME = AppIcon;
				ASSETCATALOG_COMPILER_GLOBAL_ACCENT_COLOR_NAME = AccentColor;
				CODE_SIGN_STYLE = Automatic;
				CURRENT_PROJECT_VERSION = 1;
				DEVELOPMENT_ASSET_PATHS = "\"NearCatch/Preview Content\"";
				ENABLE_PREVIEWS = YES;
				GENERATE_INFOPLIST_FILE = YES;
				INFOPLIST_KEY_UIApplicationSceneManifest_Generation = YES;
				INFOPLIST_KEY_UIApplicationSupportsIndirectInputEvents = YES;
				INFOPLIST_KEY_UILaunchScreen_Generation = YES;
				INFOPLIST_KEY_UISupportedInterfaceOrientations_iPad = "UIInterfaceOrientationPortrait UIInterfaceOrientationPortraitUpsideDown UIInterfaceOrientationLandscapeLeft UIInterfaceOrientationLandscapeRight";
				INFOPLIST_KEY_UISupportedInterfaceOrientations_iPhone = "UIInterfaceOrientationPortrait UIInterfaceOrientationLandscapeLeft UIInterfaceOrientationLandscapeRight";
				LD_RUNPATH_SEARCH_PATHS = (
					"$(inherited)",
					"@executable_path/Frameworks",
				);
				MARKETING_VERSION = 1.0;
				PRODUCT_BUNDLE_IDENTIFIER = com.2pm.NearCatch;
				PRODUCT_NAME = "$(TARGET_NAME)";
				SWIFT_EMIT_LOC_STRINGS = YES;
				SWIFT_VERSION = 5.0;
				TARGETED_DEVICE_FAMILY = "1,2";
			};
			name = Release;
		};
/* End XCBuildConfiguration section */

/* Begin XCConfigurationList section */
		16514B68284F313B007A1BB5 /* Build configuration list for PBXProject "NearCatch" */ = {
			isa = XCConfigurationList;
			buildConfigurations = (
				16514B7E284F313D007A1BB5 /* Debug */,
				16514B7F284F313D007A1BB5 /* Release */,
			);
			defaultConfigurationIsVisible = 0;
			defaultConfigurationName = Release;
		};
		16514B80284F313D007A1BB5 /* Build configuration list for PBXNativeTarget "NearCatch" */ = {
			isa = XCConfigurationList;
			buildConfigurations = (
				16514B81284F313D007A1BB5 /* Debug */,
				16514B82284F313D007A1BB5 /* Release */,
			);
			defaultConfigurationIsVisible = 0;
			defaultConfigurationName = Release;
		};
/* End XCConfigurationList section */

/* Begin XCVersionGroup section */
		16514B7B284F313D007A1BB5 /* NearCatch.xcdatamodeld */ = {
			isa = XCVersionGroup;
			children = (
				16514B7C284F313D007A1BB5 /* NearCatch.xcdatamodel */,
			);
			currentVersion = 16514B7C284F313D007A1BB5 /* NearCatch.xcdatamodel */;
			path = NearCatch.xcdatamodeld;
			sourceTree = "<group>";
			versionGroupType = wrapper.xcdatamodel;
		};
/* End XCVersionGroup section */
	};
	rootObject = 16514B65284F313B007A1BB5 /* Project object */;
}
